
Microsoft Visual Studio Solution File, Format Version 12.00
# Visual Studio Version 16
VisualStudioVersion = 16.0.31702.278
MinimumVisualStudioVersion = 10.0.40219.1
Project("{FAE04EC0-301F-11D3-BF4B-00C04F79EFBC}") = "accountBank", "accountBank\accountBank.csproj", "{462388B8-9822-42AE-B935-D1E092367EB7}"
EndProject
Global
	GlobalSection(SolutionConfigurationPlatforms) = preSolution
		Debug|Any CPU = Debug|Any CPU
		Release|Any CPU = Release|Any CPU
	EndGlobalSection
	GlobalSection(ProjectConfigurationPlatforms) = postSolution
		{462388B8-9822-42AE-B935-D1E092367EB7}.Debug|Any CPU.ActiveCfg = Debug|Any CPU
		{462388B8-9822-42AE-B935-D1E092367EB7}.Debug|Any CPU.Build.0 = Debug|Any CPU
		{462388B8-9822-42AE-B935-D1E092367EB7}.Release|Any CPU.ActiveCfg = Release|Any CPU
		{462388B8-9822-42AE-B935-D1E092367EB7}.Release|Any CPU.Build.0 = Release|Any CPU
	EndGlobalSection
	GlobalSection(SolutionProperties) = preSolution
		HideSolutionNode = FALSE
	EndGlobalSection
	GlobalSection(ExtensibilityGlobals) = postSolution
		SolutionGuid = {98593209-1223-4AB3-AF50-89F189C33580}
	EndGlobalSection
EndGlobal
